
Microsoft Visual Studio Solution File, Format Version 12.00
# Visual Studio Version 17
VisualStudioVersion = 17.14.36121.58
MinimumVisualStudioVersion = 10.0.40219.1
Project("{FAE04EC0-301F-11D3-BF4B-00C04F79EFBC}") = "GestaoEventos.API", "Controller\GestaoEventos.API.csproj", "{1C382736-2BD2-48A5-B99B-96F67FA67C07}"
EndProject
Project("{2150E333-8FDC-42A3-9474-1A3956D46DE8}") = "src", "src", "{02EA681E-C7D8-13C7-8484-4AC65E1B71E8}"
EndProject
Global
	GlobalSection(SolutionConfigurationPlatforms) = preSolution
		Debug|Any CPU = Debug|Any CPU
		Release|Any CPU = Release|Any CPU
	EndGlobalSection
	GlobalSection(ProjectConfigurationPlatforms) = postSolution
		{1C382736-2BD2-48A5-B99B-96F67FA67C07}.Debug|Any CPU.ActiveCfg = Debug|Any CPU
		{1C382736-2BD2-48A5-B99B-96F67FA67C07}.Debug|Any CPU.Build.0 = Debug|Any CPU
		{1C382736-2BD2-48A5-B99B-96F67FA67C07}.Release|Any CPU.ActiveCfg = Release|Any CPU
		{1C382736-2BD2-48A5-B99B-96F67FA67C07}.Release|Any CPU.Build.0 = Release|Any CPU
	EndGlobalSection
	GlobalSection(SolutionProperties) = preSolution
		HideSolutionNode = FALSE
	EndGlobalSection
	GlobalSection(NestedProjects) = preSolution
		{1C382736-2BD2-48A5-B99B-96F67FA67C07} = {02EA681E-C7D8-13C7-8484-4AC65E1B71E8}
	EndGlobalSection
	GlobalSection(ExtensibilityGlobals) = postSolution
		SolutionGuid = {374F8A0F-C44D-4D8B-8B61-6FCE19298F0E}
	EndGlobalSection
EndGlobal
